File.Version=6
MxCube.Version=6.10.0
MxDb.Version=DB.6.0.100
KeepUserPlacement=false
Mcu.CPN=STM32G431RBT6TR
Mcu.Name=STM32G431RBTx
board=
ProjectManager.ProjectFileName=datalogger.ioc
ProjectManager.ProjectName=datalogger
ProjectManager.PreviousToolchain=
ProjectManager.TargetToolchain=STM32CubeIDE
ProjectManager.DeletePrevious=true
ProjectManager.UnderRoot=true
ProjectManager.MainLocation=Core/Src
ProjectManager.ToolChainLocation=
ProjectManager.LibraryCopy=1
ProjectManager.FirmwarePackage=STM32Cube FW_G4 V1.5.2
ProjectManager.CustomerFirmwarePackage=
ProjectManager.DefaultFWLocation=true
ProjectManager.DeviceId=STM32G431RBTx
ProjectManager.isStatic=false
ProjectManager.isCPP=true
isbadioc=false
