
Microsoft Visual Studio Solution File, Format Version 12.00
# Visual Studio Version 17
VisualStudioVersion = 17.10.34916.146
MinimumVisualStudioVersion = 10.0.40219.1
Project("{FAE04EC0-301F-11D3-BF4B-00C04F79EFBC}") = "dataloggerAPI", "dataloggerAPI\dataloggerAPI.csproj", "{7B2C674A-E4E6-4173-A21F-1958D8773D9C}"
EndProject
Global
	GlobalSection(SolutionConfigurationPlatforms) = preSolution
		Debug|Any CPU = Debug|Any CPU
		Release|Any CPU = Release|Any CPU
	EndGlobalSection
	GlobalSection(ProjectConfigurationPlatforms) = postSolution
		{7B2C674A-E4E6-4173-A21F-1958D8773D9C}.Debug|Any CPU.ActiveCfg = Debug|Any CPU
		{7B2C674A-E4E6-4173-A21F-1958D8773D9C}.Debug|Any CPU.Build.0 = Debug|Any CPU
		{7B2C674A-E4E6-4173-A21F-1958D8773D9C}.Release|Any CPU.ActiveCfg = Release|Any CPU
		{7B2C674A-E4E6-4173-A21F-1958D8773D9C}.Release|Any CPU.Build.0 = Release|Any CPU
	EndGlobalSection
	GlobalSection(SolutionProperties) = preSolution
		HideSolutionNode = FALSE
	EndGlobalSection
	GlobalSection(ExtensibilityGlobals) = postSolution
		SolutionGuid = {3AE709AD-1170-4882-9E89-A8594CD81160}
	EndGlobalSection
EndGlobal
